
Microsoft Visual Studio Solution File, Format Version 12.00
# Visual Studio Version 16
VisualStudioVersion = 16.0.31829.152
MinimumVisualStudioVersion = 10.0.40219.1
Project("{FAE04EC0-301F-11D3-BF4B-00C04F79EFBC}") = "MrsMajor3.0", "MrsMajor3.0\MrsMajor3.0.csproj", "{E49A7E01-DBB0-40FA-B243-07F398C9DE7A}"
EndProject
Project("{FAE04EC0-301F-11D3-BF4B-00C04F79EFBC}") = "gdifuncs", "gdifuncs\gdifuncs.csproj", "{9DBED04A-0A95-4BED-A7FC-66D9219789A1}"
EndProject
Project("{FAE04EC0-301F-11D3-BF4B-00C04F79EFBC}") = "logonui", "logonui\logonui.csproj", "{9DE1EA6D-28DC-4A65-9DD2-4D1D01361AAE}"
EndProject
Project("{FAE04EC0-301F-11D3-BF4B-00C04F79EFBC}") = "logonuiOWR", "logonuiOWR\logonuiOWR.csproj", "{9F1F3D1D-803C-4696-A0F8-42E2AA96724C}"
EndProject
Global
	GlobalSection(SolutionConfigurationPlatforms) = preSolution
		Debug|Any CPU = Debug|Any CPU
		Debug|x64 = Debug|x64
		Release|Any CPU = Release|Any CPU
		Release|x64 = Release|x64
	EndGlobalSection
	GlobalSection(ProjectConfigurationPlatforms) = postSolution
		{E49A7E01-DBB0-40FA-B243-07F398C9DE7A}.Debug|Any CPU.ActiveCfg = Debug|Any CPU
		{E49A7E01-DBB0-40FA-B243-07F398C9DE7A}.Debug|Any CPU.Build.0 = Debug|Any CPU
		{E49A7E01-DBB0-40FA-B243-07F398C9DE7A}.Debug|x64.ActiveCfg = Debug|Any CPU
		{E49A7E01-DBB0-40FA-B243-07F398C9DE7A}.Debug|x64.Build.0 = Debug|Any CPU
		{E49A7E01-DBB0-40FA-B243-07F398C9DE7A}.Release|Any CPU.ActiveCfg = Release|Any CPU
		{E49A7E01-DBB0-40FA-B243-07F398C9DE7A}.Release|Any CPU.Build.0 = Release|Any CPU
		{E49A7E01-DBB0-40FA-B243-07F398C9DE7A}.Release|x64.ActiveCfg = Release|Any CPU
		{E49A7E01-DBB0-40FA-B243-07F398C9DE7A}.Release|x64.Build.0 = Release|Any CPU
		{9DBED04A-0A95-4BED-A7FC-66D9219789A1}.Debug|Any CPU.ActiveCfg = Debug|Any CPU
		{9DBED04A-0A95-4BED-A7FC-66D9219789A1}.Debug|Any CPU.Build.0 = Debug|Any CPU
		{9DBED04A-0A95-4BED-A7FC-66D9219789A1}.Debug|x64.ActiveCfg = Debug|x64
		{9DBED04A-0A95-4BED-A7FC-66D9219789A1}.Debug|x64.Build.0 = Debug|x64
		{9DBED04A-0A95-4BED-A7FC-66D9219789A1}.Release|Any CPU.ActiveCfg = Release|Any CPU
		{9DBED04A-0A95-4BED-A7FC-66D9219789A1}.Release|Any CPU.Build.0 = Release|Any CPU
		{9DBED04A-0A95-4BED-A7FC-66D9219789A1}.Release|x64.ActiveCfg = Release|x64
		{9DBED04A-0A95-4BED-A7FC-66D9219789A1}.Release|x64.Build.0 = Release|x64
		{9DE1EA6D-28DC-4A65-9DD2-4D1D01361AAE}.Debug|Any CPU.ActiveCfg = Debug|Any CPU
		{9DE1EA6D-28DC-4A65-9DD2-4D1D01361AAE}.Debug|Any CPU.Build.0 = Debug|Any CPU
		{9DE1EA6D-28DC-4A65-9DD2-4D1D01361AAE}.Debug|x64.ActiveCfg = Debug|Any CPU
		{9DE1EA6D-28DC-4A65-9DD2-4D1D01361AAE}.Debug|x64.Build.0 = Debug|Any CPU
		{9DE1EA6D-28DC-4A65-9DD2-4D1D01361AAE}.Release|Any CPU.ActiveCfg = Release|Any CPU
		{9DE1EA6D-28DC-4A65-9DD2-4D1D01361AAE}.Release|Any CPU.Build.0 = Release|Any CPU
		{9DE1EA6D-28DC-4A65-9DD2-4D1D01361AAE}.Release|x64.ActiveCfg = Release|Any CPU
		{9DE1EA6D-28DC-4A65-9DD2-4D1D01361AAE}.Release|x64.Build.0 = Release|Any CPU
		{9F1F3D1D-803C-4696-A0F8-42E2AA96724C}.Debug|Any CPU.ActiveCfg = Debug|Any CPU
		{9F1F3D1D-803C-4696-A0F8-42E2AA96724C}.Debug|Any CPU.Build.0 = Debug|Any CPU
		{9F1F3D1D-803C-4696-A0F8-42E2AA96724C}.Debug|x64.ActiveCfg = Debug|Any CPU
		{9F1F3D1D-803C-4696-A0F8-42E2AA96724C}.Debug|x64.Build.0 = Debug|Any CPU
		{9F1F3D1D-803C-4696-A0F8-42E2AA96724C}.Release|Any CPU.ActiveCfg = Release|Any CPU
		{9F1F3D1D-803C-4696-A0F8-42E2AA96724C}.Release|Any CPU.Build.0 = Release|Any CPU
		{9F1F3D1D-803C-4696-A0F8-42E2AA96724C}.Release|x64.ActiveCfg = Release|Any CPU
		{9F1F3D1D-803C-4696-A0F8-42E2AA96724C}.Release|x64.Build.0 = Release|Any CPU
	EndGlobalSection
	GlobalSection(SolutionProperties) = preSolution
		HideSolutionNode = FALSE
	EndGlobalSection
	GlobalSection(ExtensibilityGlobals) = postSolution
		SolutionGuid = {276A246D-363C-44B3-9DB0-CCE48677FFA9}
	EndGlobalSection
EndGlobal
